// !$*UTF8*$!
{
	archiveVersion = 1;
	classes = {
	};
	objectVersion = 56;
	objects = {

/* Begin PBXBuildFile section */
		278C615C2C4AD08200278EF1 /* SwiftUI_Components_ExplorerApp.swift in Sources */ = {isa = PBXBuildFile; fileRef = 278C615B2C4AD08200278EF1 /* SwiftUI_Components_ExplorerApp.swift */; };
		278C61602C4AD08300278EF1 /* Assets.xcassets in Resources */ = {isa = PBXBuildFile; fileRef = 278C615F2C4AD08300278EF1 /* Assets.xcassets */; };
		278C61632C4AD08300278EF1 /* Preview Assets.xcassets in Resources */ = {isa = PBXBuildFile; fileRef = 278C61622C4AD08300278EF1 /* Preview Assets.xcassets */; };
		278C616F2C4AFFF300278EF1 /* Component.swift in Sources */ = {isa = PBXBuildFile; fileRef = 278C616E2C4AFFF300278EF1 /* Component.swift */; };
		278C61712C4B000E00278EF1 /* ComponentViewModel.swift in Sources */ = {isa = PBXBuildFile; fileRef = 278C61702C4B000E00278EF1 /* ComponentViewModel.swift */; };
		278C61732C4B002500278EF1 /* ContentView.swift in Sources */ = {isa = PBXBuildFile; fileRef = 278C61722C4B002500278EF1 /* ContentView.swift */; };
		278C61752C4B003400278EF1 /* DetailView.swift .swift in Sources */ = {isa = PBXBuildFile; fileRef = 278C61742C4B003400278EF1 /* DetailView.swift .swift */; };
		278C61772C4B004600278EF1 /* SafariView.swift in Sources */ = {isa = PBXBuildFile; fileRef = 278C61762C4B004600278EF1 /* SafariView.swift */; };
		278C617C2C4B059200278EF1 /* ComponentSection.swift in Sources */ = {isa = PBXBuildFile; fileRef = 278C617B2C4B059200278EF1 /* ComponentSection.swift */; };
		278C617E2C4B06F300278EF1 /* DetailViewModel.swift in Sources */ = {isa = PBXBuildFile; fileRef = 278C617D2C4B06F300278EF1 /* DetailViewModel.swift */; };
/* End PBXBuildFile section */

/* Begin PBXFileReference section */
		278C61582C4AD08200278EF1 /* SwiftUI Components Explorer.app */ = {isa = PBXFileReference; explicitFileType = wrapper.application; includeInIndex = 0; path = "SwiftUI Components Explorer.app"; sourceTree = BUILT_PRODUCTS_DIR; };
		278C615B2C4AD08200278EF1 /* SwiftUI_Components_ExplorerApp.swift */ = {isa = PBXFileReference; lastKnownFileType = sourcecode.swift; path = SwiftUI_Components_ExplorerApp.swift; sourceTree = "<group>"; };
		278C615F2C4AD08300278EF1 /* Assets.xcassets */ = {isa = PBXFileReference; lastKnownFileType = folder.assetcatalog; path = Assets.xcassets; sourceTree = "<group>"; };
		278C61622C4AD08300278EF1 /* Preview Assets.xcassets */ = {isa = PBXFileReference; lastKnownFileType = folder.assetcatalog; path = "Preview Assets.xcassets"; sourceTree = "<group>"; };
		278C616E2C4AFFF300278EF1 /* Component.swift */ = {isa = PBXFileReference; lastKnownFileType = sourcecode.swift; path = Component.swift; sourceTree = "<group>"; };
		278C61702C4B000E00278EF1 /* ComponentViewModel.swift */ = {isa = PBXFileReference; lastKnownFileType = sourcecode.swift; path = ComponentViewModel.swift; sourceTree = "<group>"; };
		278C61722C4B002500278EF1 /* ContentView.swift */ = {isa = PBXFileReference; lastKnownFileType = sourcecode.swift; path = ContentView.swift; sourceTree = "<group>"; };
		278C61742C4B003400278EF1 /* DetailView.swift .swift */ = {isa = PBXFileReference; lastKnownFileType = sourcecode.swift; path = "DetailView.swift .swift"; sourceTree = "<group>"; };
		278C61762C4B004600278EF1 /* SafariView.swift */ = {isa = PBXFileReference; lastKnownFileType = sourcecode.swift; path = SafariView.swift; sourceTree = "<group>"; };
		278C617B2C4B059200278EF1 /* ComponentSection.swift */ = {isa = PBXFileReference; lastKnownFileType = sourcecode.swift; path = ComponentSection.swift; sourceTree = "<group>"; };
		278C617D2C4B06F300278EF1 /* DetailViewModel.swift */ = {isa = PBXFileReference; lastKnownFileType = sourcecode.swift; path = DetailViewModel.swift; sourceTree = "<group>"; };
/* End PBXFileReference section */

/* Begin PBXFrameworksBuildPhase section */
		278C61552C4AD08200278EF1 /* Frameworks */ = {
			isa = PBXFrameworksBuildPhase;
			buildActionMask = 2147483647;
			files = (
			);
			runOnlyForDeploymentPostprocessing = 0;
		};
/* End PBXFrameworksBuildPhase section */

/* Begin PBXGroup section */
		278C614F2C4AD08200278EF1 = {
			isa = PBXGroup;
			children = (
				278C615A2C4AD08200278EF1 /* SwiftUI Components Explorer */,
				278C61592C4AD08200278EF1 /* Products */,
			);
			sourceTree = "<group>";
		};
		278C61592C4AD08200278EF1 /* Products */ = {
			isa = PBXGroup;
			children = (
				278C61582C4AD08200278EF1 /* SwiftUI Components Explorer.app */,
			);
			name = Products;
			sourceTree = "<group>";
		};
		278C615A2C4AD08200278EF1 /* SwiftUI Components Explorer */ = {
			isa = PBXGroup;
			children = (
				278C616D2C4AFFCB00278EF1 /* View */,
				278C616C2C4AFFC300278EF1 /* ViewModel */,
				278C61692C4AFF2200278EF1 /* Model */,
				278C615B2C4AD08200278EF1 /* SwiftUI_Components_ExplorerApp.swift */,
				278C615F2C4AD08300278EF1 /* Assets.xcassets */,
				278C61612C4AD08300278EF1 /* Preview Content */,
			);
			path = "SwiftUI Components Explorer";
			sourceTree = "<group>";
		};
		278C61612C4AD08300278EF1 /* Preview Content */ = {
			isa = PBXGroup;
			children = (
				278C61622C4AD08300278EF1 /* Preview Assets.xcassets */,
			);
			path = "Preview Content";
			sourceTree = "<group>";
		};
		278C61692C4AFF2200278EF1 /* Model */ = {
			isa = PBXGroup;
			children = (
				278C616E2C4AFFF300278EF1 /* Component.swift */,
				278C617B2C4B059200278EF1 /* ComponentSection.swift */,
			);
			path = Model;
			sourceTree = "<group>";
		};
		278C616C2C4AFFC300278EF1 /* ViewModel */ = {
			isa = PBXGroup;
			children = (
				278C61702C4B000E00278EF1 /* ComponentViewModel.swift */,
				278C617D2C4B06F300278EF1 /* DetailViewModel.swift */,
			);
			path = ViewModel;
			sourceTree = "<group>";
		};
		278C616D2C4AFFCB00278EF1 /* View */ = {
			isa = PBXGroup;
			children = (
				278C61722C4B002500278EF1 /* ContentView.swift */,
				278C61742C4B003400278EF1 /* DetailView.swift .swift */,
				278C61762C4B004600278EF1 /* SafariView.swift */,
			);
			path = View;
			sourceTree = "<group>";
		};
/* End PBXGroup section */

/* Begin PBXNativeTarget section */
		278C61572C4AD08200278EF1 /* SwiftUI Components Explorer */ = {
			isa = PBXNativeTarget;
			buildConfigurationList = 278C61662C4AD08300278EF1 /* Build configuration list for PBXNativeTarget "SwiftUI Components Explorer" */;
			buildPhases = (
				278C61542C4AD08200278EF1 /* Sources */,
				278C61552C4AD08200278EF1 /* Frameworks */,
				278C61562C4AD08200278EF1 /* Resources */,
			);
			buildRules = (
			);
			dependencies = (
			);
			name = "SwiftUI Components Explorer";
			productName = "SwiftUI Components Explorer";
			productReference = 278C61582C4AD08200278EF1 /* SwiftUI Components Explorer.app */;
			productType = "com.apple.product-type.application";
		};
/* End PBXNativeTarget section */

/* Begin PBXProject section */
		278C61502C4AD08200278EF1 /* Project object */ = {
			isa = PBXProject;
			attributes = {
				BuildIndependentTargetsInParallel = 1;
				LastSwiftUpdateCheck = 1520;
				LastUpgradeCheck = 1520;
				TargetAttributes = {
					278C61572C4AD08200278EF1 = {
						CreatedOnToolsVersion = 15.2;
					};
				};
			};
			buildConfigurationList = 278C61532C4AD08200278EF1 /* Build configuration list for PBXProject "SwiftUI Components Explorer" */;
			compatibilityVersion = "Xcode 14.0";
			developmentRegion = en;
			hasScannedForEncodings = 0;
			knownRegions = (
				en,
				Base,
			);
			mainGroup = 278C614F2C4AD08200278EF1;
			productRefGroup = 278C61592C4AD08200278EF1 /* Products */;
			projectDirPath = "";
			projectRoot = "";
			targets = (
				278C61572C4AD08200278EF1 /* SwiftUI Components Explorer */,
			);
		};
/* End PBXProject section */

/* Begin PBXResourcesBuildPhase section */
		278C61562C4AD08200278EF1 /* Resources */ = {
			isa = PBXResourcesBuildPhase;
			buildActionMask = 2147483647;
			files = (
				278C61632C4AD08300278EF1 /* Preview Assets.xcassets in Resources */,
				278C61602C4AD08300278EF1 /* Assets.xcassets in Resources */,
			);
			runOnlyForDeploymentPostprocessing = 0;
		};
/* End PBXResourcesBuildPhase section */

/* Begin PBXSourcesBuildPhase section */
		278C61542C4AD08200278EF1 /* Sources */ = {
			isa = PBXSourcesBuildPhase;
			buildActionMask = 2147483647;
			files = (
				278C61732C4B002500278EF1 /* ContentView.swift in Sources */,
				278C617C2C4B059200278EF1 /* ComponentSection.swift in Sources */,
				278C616F2C4AFFF300278EF1 /* Component.swift in Sources */,
				278C61712C4B000E00278EF1 /* ComponentViewModel.swift in Sources */,
				278C617E2C4B06F300278EF1 /* DetailViewModel.swift in Sources */,
				278C615C2C4AD08200278EF1 /* SwiftUI_Components_ExplorerApp.swift in Sources */,
				278C61752C4B003400278EF1 /* DetailView.swift .swift in Sources */,
				278C61772C4B004600278EF1 /* SafariView.swift in Sources */,
			);
			runOnlyForDeploymentPostprocessing = 0;
		};
/* End PBXSourcesBuildPhase section */

/* Begin XCBuildConfiguration section */
		278C61642C4AD08300278EF1 /* Debug */ = {
			isa = XCBuildConfiguration;
			buildSettings = {
				ALWAYS_SEARCH_USER_PATHS = NO;
				ASSETCATALOG_COMPILER_GENERATE_SWIFT_ASSET_SYMBOL_EXTENSIONS = YES;
				CLANG_ANALYZER_NONNULL = YES;
				CLANG_ANALYZER_NUMBER_OBJECT_CONVERSION = YES_AGGRESSIVE;
				CLANG_CXX_LANGUAGE_STANDARD = "gnu++20";
				CLANG_ENABLE_MODULES = YES;
				CLANG_ENABLE_OBJC_ARC = YES;
				CLANG_ENABLE_OBJC_WEAK = YES;
				CLANG_WARN_BLOCK_CAPTURE_AUTORELEASING = YES;
				CLANG_WARN_BOOL_CONVERSION = YES;
				CLANG_WARN_COMMA = YES;
				CLANG_WARN_CONSTANT_CONVERSION = YES;
				CLANG_WARN_DEPRECATED_OBJC_IMPLEMENTATIONS = YES;
				CLANG_WARN_DIRECT_OBJC_ISA_USAGE = YES_ERROR;
				CLANG_WARN_DOCUMENTATION_COMMENTS = YES;
				CLANG_WARN_EMPTY_BODY = YES;
				CLANG_WARN_ENUM_CONVERSION = YES;
				CLANG_WARN_INFINITE_RECURSION = YES;
				CLANG_WARN_INT_CONVERSION = YES;
				CLANG_WARN_NON_LITERAL_NULL_CONVERSION = YES;
				CLANG_WARN_OBJC_IMPLICIT_RETAIN_SELF = YES;
				CLANG_WARN_OBJC_LITERAL_CONVERSION = YES;
				CLANG_WARN_OBJC_ROOT_CLASS = YES_ERROR;
				CLANG_WARN_QUOTED_INCLUDE_IN_FRAMEWORK_HEADER = YES;
				CLANG_WARN_RANGE_LOOP_ANALYSIS = YES;
				CLANG_WARN_STRICT_PROTOTYPES = YES;
				CLANG_WARN_SUSPICIOUS_MOVE = YES;
				CLANG_WARN_UNGUARDED_AVAILABILITY = YES_AGGRESSIVE;
				CLANG_WARN_UNREACHABLE_CODE = YES;
				CLANG_WARN__DUPLICATE_METHOD_MATCH = YES;
				COPY_PHASE_STRIP = NO;
				DEBUG_INFORMATION_FORMAT = dwarf;
				ENABLE_STRICT_OBJC_MSGSEND = YES;
				ENABLE_TESTABILITY = YES;
				ENABLE_USER_SCRIPT_SANDBOXING = YES;
				GCC_C_LANGUAGE_STANDARD = gnu17;
				GCC_DYNAMIC_NO_PIC = NO;
				GCC_NO_COMMON_BLOCKS = YES;
				GCC_OPTIMIZATION_LEVEL = 0;
				GCC_PREPROCESSOR_DEFINITIONS = (
					"DEBUG=1",
					"$(inherited)",
				);
				GCC_WARN_64_TO_32_BIT_CONVERSION = YES;
				GCC_WARN_ABOUT_RETURN_TYPE = YES_ERROR;
				GCC_WARN_UNDECLARED_SELECTOR = YES;
				GCC_WARN_UNINITIALIZED_AUTOS = YES_AGGRESSIVE;
				GCC_WARN_UNUSED_FUNCTION = YES;
				GCC_WARN_UNUSED_VARIABLE = YES;
				IPHONEOS_DEPLOYMENT_TARGET = 17.2;
				LOCALIZATION_PREFERS_STRING_CATALOGS = YES;
				MTL_ENABLE_DEBUG_INFO = INCLUDE_SOURCE;
				MTL_FAST_MATH = YES;
				ONLY_ACTIVE_ARCH = YES;
				SDKROOT = iphoneos;
				SWIFT_ACTIVE_COMPILATION_CONDITIONS = "DEBUG $(inherited)";
				SWIFT_OPTIMIZATION_LEVEL = "-Onone";
			};
			name = Debug;
		};
		278C61652C4AD08300278EF1 /* Release */ = {
			isa = XCBuildConfiguration;
			buildSettings = {
				ALWAYS_SEARCH_USER_PATHS = NO;
				ASSETCATALOG_COMPILER_GENERATE_SWIFT_ASSET_SYMBOL_EXTENSIONS = YES;
				CLANG_ANALYZER_NONNULL = YES;
				CLANG_ANALYZER_NUMBER_OBJECT_CONVERSION = YES_AGGRESSIVE;
				CLANG_CXX_LANGUAGE_STANDARD = "gnu++20";
				CLANG_ENABLE_MODULES = YES;
				CLANG_ENABLE_OBJC_ARC = YES;
				CLANG_ENABLE_OBJC_WEAK = YES;
				CLANG_WARN_BLOCK_CAPTURE_AUTORELEASING = YES;
				CLANG_WARN_BOOL_CONVERSION = YES;
				CLANG_WARN_COMMA = YES;
				CLANG_WARN_CONSTANT_CONVERSION = YES;
				CLANG_WARN_DEPRECATED_OBJC_IMPLEMENTATIONS = YES;
				CLANG_WARN_DIRECT_OBJC_ISA_USAGE = YES_ERROR;
				CLANG_WARN_DOCUMENTATION_COMMENTS = YES;
				CLANG_WARN_EMPTY_BODY = YES;
				CLANG_WARN_ENUM_CONVERSION = YES;
				CLANG_WARN_INFINITE_RECURSION = YES;
				CLANG_WARN_INT_CONVERSION = YES;
				CLANG_WARN_NON_LITERAL_NULL_CONVERSION = YES;
				CLANG_WARN_OBJC_IMPLICIT_RETAIN_SELF = YES;
				CLANG_WARN_OBJC_LITERAL_CONVERSION = YES;
				CLANG_WARN_OBJC_ROOT_CLASS = YES_ERROR;
				CLANG_WARN_QUOTED_INCLUDE_IN_FRAMEWORK_HEADER = YES;
				CLANG_WARN_RANGE_LOOP_ANALYSIS = YES;
				CLANG_WARN_STRICT_PROTOTYPES = YES;
				CLANG_WARN_SUSPICIOUS_MOVE = YES;
				CLANG_WARN_UNGUARDED_AVAILABILITY = YES_AGGRESSIVE;
				CLANG_WARN_UNREACHABLE_CODE = YES;
				CLANG_WARN__DUPLICATE_METHOD_MATCH = YES;
				COPY_PHASE_STRIP = NO;
				DEBUG_INFORMATION_FORMAT = "dwarf-with-dsym";
				ENABLE_NS_ASSERTIONS = NO;
				ENABLE_STRICT_OBJC_MSGSEND = YES;
				ENABLE_USER_SCRIPT_SANDBOXING = YES;
				GCC_C_LANGUAGE_STANDARD = gnu17;
				GCC_NO_COMMON_BLOCKS = YES;
				GCC_WARN_64_TO_32_BIT_CONVERSION = YES;
				GCC_WARN_ABOUT_RETURN_TYPE = YES_ERROR;
				GCC_WARN_UNDECLARED_SELECTOR = YES;
				GCC_WARN_UNINITIALIZED_AUTOS = YES_AGGRESSIVE;
				GCC_WARN_UNUSED_FUNCTION = YES;
				GCC_WARN_UNUSED_VARIABLE = YES;
				IPHONEOS_DEPLOYMENT_TARGET = 17.2;
				LOCALIZATION_PREFERS_STRING_CATALOGS = YES;
				MTL_ENABLE_DEBUG_INFO = NO;
				MTL_FAST_MATH = YES;
				SDKROOT = iphoneos;
				SWIFT_COMPILATION_MODE = wholemodule;
				VALIDATE_PRODUCT = YES;
			};
			name = Release;
		};
		278C61672C4AD08300278EF1 /* Debug */ = {
			isa = XCBuildConfiguration;
			buildSettings = {
				ASSETCATALOG_COMPILER_APPICON_NAME = AppIcon;
				ASSETCATALOG_COMPILER_GLOBAL_ACCENT_COLOR_NAME = AccentColor;
				CODE_SIGN_STYLE = Automatic;
				CURRENT_PROJECT_VERSION = 1;
				DEVELOPMENT_ASSET_PATHS = "\"SwiftUI Components Explorer/Preview Content\"";
				ENABLE_PREVIEWS = YES;
				GENERATE_INFOPLIST_FILE = YES;
				INFOPLIST_KEY_NSCameraUsageDescription = "<key>NSCameraUsageDescription</key>\n<string>This app requires access to the camera to allow users to capture photos of components.</string>\n";
				INFOPLIST_KEY_UIApplicationSceneManifest_Generation = YES;
				INFOPLIST_KEY_UIApplicationSupportsIndirectInputEvents = YES;
				INFOPLIST_KEY_UILaunchScreen_Generation = YES;
				INFOPLIST_KEY_UISupportedInterfaceOrientations_iPad = "UIInterfaceOrientationPortrait UIInterfaceOrientationPortraitUpsideDown UIInterfaceOrientationLandscapeLeft UIInterfaceOrientationLandscapeRight";
				INFOPLIST_KEY_UISupportedInterfaceOrientations_iPhone = "UIInterfaceOrientationPortrait UIInterfaceOrientationLandscapeLeft UIInterfaceOrientationLandscapeRight";
				LD_RUNPATH_SEARCH_PATHS = (
					"$(inherited)",
					"@executable_path/Frameworks",
				);
				MARKETING_VERSION = 1.0;
				PRODUCT_BUNDLE_IDENTIFIER = "com.example.shahbaz.SwiftUI-Components-Explorer";
				PRODUCT_NAME = "$(TARGET_NAME)";
				SWIFT_EMIT_LOC_STRINGS = YES;
				SWIFT_VERSION = 5.0;
				TARGETED_DEVICE_FAMILY = "1,2";
			};
			name = Debug;
		};
		278C61682C4AD08300278EF1 /* Release */ = {
			isa = XCBuildConfiguration;
			buildSettings = {
				ASSETCATALOG_COMPILER_APPICON_NAME = AppIcon;
				ASSETCATALOG_COMPILER_GLOBAL_ACCENT_COLOR_NAME = AccentColor;
				CODE_SIGN_STYLE = Automatic;
				CURRENT_PROJECT_VERSION = 1;
				DEVELOPMENT_ASSET_PATHS = "\"SwiftUI Components Explorer/Preview Content\"";
				ENABLE_PREVIEWS = YES;
				GENERATE_INFOPLIST_FILE = YES;
				INFOPLIST_KEY_NSCameraUsageDescription = "<key>NSCameraUsageDescription</key>\n<string>This app requires access to the camera to allow users to capture photos of components.</string>\n";
				INFOPLIST_KEY_UIApplicationSceneManifest_Generation = YES;
				INFOPLIST_KEY_UIApplicationSupportsIndirectInputEvents = YES;
				INFOPLIST_KEY_UILaunchScreen_Generation = YES;
				INFOPLIST_KEY_UISupportedInterfaceOrientations_iPad = "UIInterfaceOrientationPortrait UIInterfaceOrientationPortraitUpsideDown UIInterfaceOrientationLandscapeLeft UIInterfaceOrientationLandscapeRight";
				INFOPLIST_KEY_UISupportedInterfaceOrientations_iPhone = "UIInterfaceOrientationPortrait UIInterfaceOrientationLandscapeLeft UIInterfaceOrientationLandscapeRight";
				LD_RUNPATH_SEARCH_PATHS = (
					"$(inherited)",
					"@executable_path/Frameworks",
				);
				MARKETING_VERSION = 1.0;
				PRODUCT_BUNDLE_IDENTIFIER = "com.example.shahbaz.SwiftUI-Components-Explorer";
				PRODUCT_NAME = "$(TARGET_NAME)";
				SWIFT_EMIT_LOC_STRINGS = YES;
				SWIFT_VERSION = 5.0;
				TARGETED_DEVICE_FAMILY = "1,2";
			};
			name = Release;
		};
/* End XCBuildConfiguration section */

/* Begin XCConfigurationList section */
		278C61532C4AD08200278EF1 /* Build configuration list for PBXProject "SwiftUI Components Explorer" */ = {
			isa = XCConfigurationList;
			buildConfigurations = (
				278C61642C4AD08300278EF1 /* Debug */,
				278C61652C4AD08300278EF1 /* Release */,
			);
			defaultConfigurationIsVisible = 0;
			defaultConfigurationName = Release;
		};
		278C61662C4AD08300278EF1 /* Build configuration list for PBXNativeTarget "SwiftUI Components Explorer" */ = {
			isa = XCConfigurationList;
			buildConfigurations = (
				278C61672C4AD08300278EF1 /* Debug */,
				278C61682C4AD08300278EF1 /* Release */,
			);
			defaultConfigurationIsVisible = 0;
			defaultConfigurationName = Release;
		};
/* End XCConfigurationList section */
	};
	rootObject = 278C61502C4AD08200278EF1 /* Project object */;
}
